
Microsoft Visual Studio Solution File, Format Version 12.00
# Visual Studio Version 17
VisualStudioVersion = 17.0.31903.59
MinimumVisualStudioVersion = 10.0.40219.1
Project("{2150E333-8FDC-42A3-9474-1A3956D46DE8}") = "src", "src", "{83D514D6-ADC3-4B99-B4C2-574B7455005A}"
EndProject
Project("{FAE04EC0-301F-11D3-BF4B-00C04F79EFBC}") = "KspMathCore", "src\KspMathCore\KspMathCore.csproj", "{2FBFF2D9-ED2A-4073-9524-286585E3BAC1}"
EndProject
Project("{FAE04EC0-301F-11D3-BF4B-00C04F79EFBC}") = "KspMissionPlanner", "src\KspMissionPlanner\KspMissionPlanner.csproj", "{6908877D-1E82-4E29-8655-F016FD39E275}"
EndProject
Project("{FAE04EC0-301F-11D3-BF4B-00C04F79EFBC}") = "KspAscentOptimizer", "src\KspAscentOptimizer\KspAscentOptimizer.csproj", "{79CDEB7D-EDD5-44C0-8885-0846E5044A3E}"
EndProject
Project("{FAE04EC0-301F-11D3-BF4B-00C04F79EFBC}") = "KspIntegration", "src\KspIntegration\KspIntegration.csproj", "{A8805DF8-4C46-4D87-8B14-6F2E7D8552B7}"
EndProject
Project("{FAE04EC0-301F-11D3-BF4B-00C04F79EFBC}") = "tests", "tests", "{7B77E4F6-5A25-46E0-BD00-7DE60D72C370}"
EndProject
Project("{FAE04EC0-301F-11D3-BF4B-00C04F79EFBC}") = "KspIntegrationTests", "tests\KspIntegrationTests\KspIntegrationTests.csproj", "{4331B12A-3D7C-4D01-944B-093D415CCCFD}"
EndProject
Project("{FAE04EC0-301F-11D3-BF4B-00C04F79EFBC}") = "KspMathCoreKhanTests", "tests\KspMathCoreKhanTests\KspMathCoreKhanTests.csproj", "{00B2D903-ED75-429B-8DE8-061DD07A54D4}"
EndProject
Global
	GlobalSection(SolutionConfigurationPlatforms) = preSolution
		Debug|Any CPU = Debug|Any CPU
		Release|Any CPU = Release|Any CPU
	EndGlobalSection
	GlobalSection(SolutionProperties) = preSolution
		HideSolutionNode = FALSE
	EndGlobalSection
	GlobalSection(ProjectConfigurationPlatforms) = postSolution
		{2FBFF2D9-ED2A-4073-9524-286585E3BAC1}.Debug|Any CPU.ActiveCfg = Debug|Any CPU
		{2FBFF2D9-ED2A-4073-9524-286585E3BAC1}.Debug|Any CPU.Build.0 = Debug|Any CPU
		{2FBFF2D9-ED2A-4073-9524-286585E3BAC1}.Release|Any CPU.ActiveCfg = Release|Any CPU
		{2FBFF2D9-ED2A-4073-9524-286585E3BAC1}.Release|Any CPU.Build.0 = Release|Any CPU
		{6908877D-1E82-4E29-8655-F016FD39E275}.Debug|Any CPU.ActiveCfg = Debug|Any CPU
		{6908877D-1E82-4E29-8655-F016FD39E275}.Debug|Any CPU.Build.0 = Debug|Any CPU
		{6908877D-1E82-4E29-8655-F016FD39E275}.Release|Any CPU.ActiveCfg = Release|Any CPU
		{6908877D-1E82-4E29-8655-F016FD39E275}.Release|Any CPU.Build.0 = Release|Any CPU
		{79CDEB7D-EDD5-44C0-8885-0846E5044A3E}.Debug|Any CPU.ActiveCfg = Debug|Any CPU
		{79CDEB7D-EDD5-44C0-8885-0846E5044A3E}.Debug|Any CPU.Build.0 = Debug|Any CPU
		{79CDEB7D-EDD5-44C0-8885-0846E5044A3E}.Release|Any CPU.ActiveCfg = Release|Any CPU
		{79CDEB7D-EDD5-44C0-8885-0846E5044A3E}.Release|Any CPU.Build.0 = Release|Any CPU
		{A8805DF8-4C46-4D87-8B14-6F2E7D8552B7}.Debug|Any CPU.ActiveCfg = Debug|Any CPU
		{A8805DF8-4C46-4D87-8B14-6F2E7D8552B7}.Debug|Any CPU.Build.0 = Debug|Any CPU
		{A8805DF8-4C46-4D87-8B14-6F2E7D8552B7}.Release|Any CPU.ActiveCfg = Release|Any CPU
		{A8805DF8-4C46-4D87-8B14-6F2E7D8552B7}.Release|Any CPU.Build.0 = Release|Any CPU
		{4331B12A-3D7C-4D01-944B-093D415CCCFD}.Debug|Any CPU.ActiveCfg = Debug|Any CPU
		{4331B12A-3D7C-4D01-944B-093D415CCCFD}.Debug|Any CPU.Build.0 = Debug|Any CPU
		{4331B12A-3D7C-4D01-944B-093D415CCCFD}.Release|Any CPU.ActiveCfg = Release|Any CPU
		{4331B12A-3D7C-4D01-944B-093D415CCCFD}.Release|Any CPU.Build.0 = Release|Any CPU
		{00B2D903-ED75-429B-8DE8-061DD07A54D4}.Debug|Any CPU.ActiveCfg = Debug|Any CPU
		{00B2D903-ED75-429B-8DE8-061DD07A54D4}.Debug|Any CPU.Build.0 = Debug|Any CPU
		{00B2D903-ED75-429B-8DE8-061DD07A54D4}.Release|Any CPU.ActiveCfg = Release|Any CPU
		{00B2D903-ED75-429B-8DE8-061DD07A54D4}.Release|Any CPU.Build.0 = Release|Any CPU
	EndGlobalSection
	GlobalSection(NestedProjects) = preSolution
		{2FBFF2D9-ED2A-4073-9524-286585E3BAC1} = {83D514D6-ADC3-4B99-B4C2-574B7455005A}
		{6908877D-1E82-4E29-8655-F016FD39E275} = {83D514D6-ADC3-4B99-B4C2-574B7455005A}
		{79CDEB7D-EDD5-44C0-8885-0846E5044A3E} = {83D514D6-ADC3-4B99-B4C2-574B7455005A}
		{A8805DF8-4C46-4D87-8B14-6F2E7D8552B7} = {83D514D6-ADC3-4B99-B4C2-574B7455005A}
		{4331B12A-3D7C-4D01-944B-093D415CCCFD} = {7B77E4F6-5A25-46E0-BD00-7DE60D72C370}
		{00B2D903-ED75-429B-8DE8-061DD07A54D4} = {7B77E4F6-5A25-46E0-BD00-7DE60D72C370}
	EndGlobalSection
EndGlobal
